
Microsoft Visual Studio Solution File, Format Version 12.00
# Visual Studio Version 17
VisualStudioVersion = 17.3.32804.467
MinimumVisualStudioVersion = 10.0.40219.1
Project("{FAE04EC0-301F-11D3-BF4B-00C04F79EFBC}") = "Icarus", "LuaExecutor\Icarus.csproj", "{EC16267E-7C64-4C1B-BE6B-E27DB1530B22}"
EndProject
Global
	GlobalSection(SolutionConfigurationPlatforms) = preSolution
		Debug|Any CPU = Debug|Any CPU
		Release|Any CPU = Release|Any CPU
	EndGlobalSection
	GlobalSection(ProjectConfigurationPlatforms) = postSolution
		{EC16267E-7C64-4C1B-BE6B-E27DB1530B22}.Debug|Any CPU.ActiveCfg = Debug|Any CPU
		{EC16267E-7C64-4C1B-BE6B-E27DB1530B22}.Debug|Any CPU.Build.0 = Debug|Any CPU
		{EC16267E-7C64-4C1B-BE6B-E27DB1530B22}.Release|Any CPU.ActiveCfg = Release|Any CPU
		{EC16267E-7C64-4C1B-BE6B-E27DB1530B22}.Release|Any CPU.Build.0 = Release|Any CPU
	EndGlobalSection
	GlobalSection(SolutionProperties) = preSolution
		HideSolutionNode = FALSE
	EndGlobalSection
	GlobalSection(ExtensibilityGlobals) = postSolution
		SolutionGuid = {B7E5B1B8-7139-445F-B014-2C181FFACF39}
	EndGlobalSection
EndGlobal
